{
  "nodes": {
    "nixpkgs": {
      "locked": {
        "lastModified": 1760196716,
        "narHash": "sha256-WytnLdZRcr7DxQ4hQtin+yIR5OhfwyMnXNlVJhCjSZE=",
        "owner": "nixos",
        "repo": "nixpkgs",
        "rev": "bafe987a29b8bea2edbb3aba76b51464b3d222f0",
        "type": "github"
      },
      "original": {
        "owner": "nixos",
        "ref": "release-25.05",
        "repo": "nixpkgs",
        "type": "github"
      }
    },
    "root": {
      "inputs": {
        "nixpkgs": "nixpkgs"
      }
    }
  },
  "root": "root",
  "version": 7
}
